
Microsoft Visual Studio Solution File, Format Version 12.00
# Visual Studio Version 17
VisualStudioVersion = 17.5.002.0
MinimumVisualStudioVersion = 10.0.40219.1
Project("{2150E333-8FDC-42A3-9474-1A3956D46DE8}") = "csharp-prep", "csharp-prep", "{359AA140-6705-4E09-B24E-00C4D3670EF8}"
EndProject
Project("{9A19103F-16F7-4668-BE54-9A1E7A4F7556}") = "Prep1", "csharp-prep\Prep1\Prep1.csproj", "{B95998CF-71E7-4A42-B981-E5301881C9D1}"
EndProject
Project("{9A19103F-16F7-4668-BE54-9A1E7A4F7556}") = "Prep2", "csharp-prep\Prep2\Prep2.csproj", "{1419F956-33FE-425D-A2A4-1BFA1CE004BA}"
EndProject
Project("{9A19103F-16F7-4668-BE54-9A1E7A4F7556}") = "Prep3", "csharp-prep\Prep3\Prep3.csproj", "{9438C3AF-1D35-4E8B-92FB-505C280A7A10}"
EndProject
Project("{9A19103F-16F7-4668-BE54-9A1E7A4F7556}") = "Prep4", "csharp-prep\Prep4\Prep4.csproj", "{1B28FF87-7614-4F9A-A2C6-7F7A76EAA706}"
EndProject
Project("{9A19103F-16F7-4668-BE54-9A1E7A4F7556}") = "Prep5", "csharp-prep\Prep5\Prep5.csproj", "{153C235E-4D13-4252-A124-B99BE229AA95}"
EndProject
Project("{2150E333-8FDC-42A3-9474-1A3956D46DE8}") = "final", "final", "{08600C94-1448-4E99-9A96-BC1F9CB3BACD}"
EndProject
Project("{9A19103F-16F7-4668-BE54-9A1E7A4F7556}") = "FinalProject", "final\FinalProject\FinalProject.csproj", "{B6721800-FA3C-469A-A1CB-7FCDF2C298B4}"
EndProject
Project("{9A19103F-16F7-4668-BE54-9A1E7A4F7556}") = "Foundation1", "final\Foundation1\Foundation1.csproj", "{0A162F11-0FDD-4AD3-B1EC-7BF111B1079D}"
EndProject
Project("{9A19103F-16F7-4668-BE54-9A1E7A4F7556}") = "Foundation2", "final\Foundation2\Foundation2.csproj", "{56AD2B65-3E4B-4FC4-8454-21A1B9AAE1EF}"
EndProject
Project("{9A19103F-16F7-4668-BE54-9A1E7A4F7556}") = "Foundation3", "final\Foundation3\Foundation3.csproj", "{6E6D983D-4F1F-49C3-9894-D99F594475A6}"
EndProject
Project("{9A19103F-16F7-4668-BE54-9A1E7A4F7556}") = "Foundation4", "final\Foundation4\Foundation4.csproj", "{98BB5DF1-82CA-43F5-89DE-6018722518DE}"
EndProject
Project("{2150E333-8FDC-42A3-9474-1A3956D46DE8}") = "prepare", "prepare", "{7DD37D18-69EB-4E5F-9A27-D60B7E35B2B4}"
EndProject
Project("{9A19103F-16F7-4668-BE54-9A1E7A4F7556}") = "Learning02", "prepare\Learning02\Learning02.csproj", "{F7E49A82-D997-4C98-9D42-545432C740DA}"
EndProject
Project("{9A19103F-16F7-4668-BE54-9A1E7A4F7556}") = "Learning03", "prepare\Learning03\Learning03.csproj", "{3E070060-D56F-4AB7-A450-D82D125EDB59}"
EndProject
Project("{9A19103F-16F7-4668-BE54-9A1E7A4F7556}") = "Learning04", "prepare\Learning04\Learning04.csproj", "{85A15FE5-44F5-4440-9A83-A465764BE062}"
EndProject
Project("{9A19103F-16F7-4668-BE54-9A1E7A4F7556}") = "Learning05", "prepare\Learning05\Learning05.csproj", "{C2CD1FF3-2D1A-4B9D-B0AA-B5EF4CDCD222}"
EndProject
Project("{2150E333-8FDC-42A3-9474-1A3956D46DE8}") = "prove", "prove", "{2F715097-253D-46B0-95D7-A2AD6088F070}"
EndProject
Project("{9A19103F-16F7-4668-BE54-9A1E7A4F7556}") = "Develop02", "prove\Develop02\Develop02.csproj", "{A2763989-C15B-4099-B99A-641A9AEEA369}"
EndProject
Project("{9A19103F-16F7-4668-BE54-9A1E7A4F7556}") = "Develop03", "prove\Develop03\Develop03.csproj", "{D81F8F14-EBFD-4E66-BE64-17FFD94695BD}"
EndProject
Project("{9A19103F-16F7-4668-BE54-9A1E7A4F7556}") = "Develop04", "prove\Develop04\Develop04.csproj", "{73CCABED-8A38-4975-B3EF-0D8DFCA9DE6F}"
EndProject
Project("{9A19103F-16F7-4668-BE54-9A1E7A4F7556}") = "Develop05", "prove\Develop05\Develop05.csproj", "{E5E1CFCB-2130-4C4F-9FEE-77428A4CD5DF}"
EndProject
Project("{2150E333-8FDC-42A3-9474-1A3956D46DE8}") = "sandbox", "sandbox", "{24093936-F26A-4F4D-9DC0-277C29E0447A}"
EndProject
Project("{9A19103F-16F7-4668-BE54-9A1E7A4F7556}") = "Sandbox", "sandbox\Sandbox\Sandbox.csproj", "{B99C67FB-A580-41B2-9C3F-CC334F42D09A}"
EndProject
Global
	GlobalSection(SolutionConfigurationPlatforms) = preSolution
		Debug|Any CPU = Debug|Any CPU
		Release|Any CPU = Release|Any CPU
	EndGlobalSection
	GlobalSection(ProjectConfigurationPlatforms) = postSolution
		{B95998CF-71E7-4A42-B981-E5301881C9D1}.Debug|Any CPU.ActiveCfg = Debug|Any CPU
		{B95998CF-71E7-4A42-B981-E5301881C9D1}.Debug|Any CPU.Build.0 = Debug|Any CPU
		{B95998CF-71E7-4A42-B981-E5301881C9D1}.Release|Any CPU.ActiveCfg = Release|Any CPU
		{B95998CF-71E7-4A42-B981-E5301881C9D1}.Release|Any CPU.Build.0 = Release|Any CPU
		{1419F956-33FE-425D-A2A4-1BFA1CE004BA}.Debug|Any CPU.ActiveCfg = Debug|Any CPU
		{1419F956-33FE-425D-A2A4-1BFA1CE004BA}.Debug|Any CPU.Build.0 = Debug|Any CPU
		{1419F956-33FE-425D-A2A4-1BFA1CE004BA}.Release|Any CPU.ActiveCfg = Release|Any CPU
		{1419F956-33FE-425D-A2A4-1BFA1CE004BA}.Release|Any CPU.Build.0 = Release|Any CPU
		{9438C3AF-1D35-4E8B-92FB-505C280A7A10}.Debug|Any CPU.ActiveCfg = Debug|Any CPU
		{9438C3AF-1D35-4E8B-92FB-505C280A7A10}.Debug|Any CPU.Build.0 = Debug|Any CPU
		{9438C3AF-1D35-4E8B-92FB-505C280A7A10}.Release|Any CPU.ActiveCfg = Release|Any CPU
		{9438C3AF-1D35-4E8B-92FB-505C280A7A10}.Release|Any CPU.Build.0 = Release|Any CPU
		{1B28FF87-7614-4F9A-A2C6-7F7A76EAA706}.Debug|Any CPU.ActiveCfg = Debug|Any CPU
		{1B28FF87-7614-4F9A-A2C6-7F7A76EAA706}.Debug|Any CPU.Build.0 = Debug|Any CPU
		{1B28FF87-7614-4F9A-A2C6-7F7A76EAA706}.Release|Any CPU.ActiveCfg = Release|Any CPU
		{1B28FF87-7614-4F9A-A2C6-7F7A76EAA706}.Release|Any CPU.Build.0 = Release|Any CPU
		{153C235E-4D13-4252-A124-B99BE229AA95}.Debug|Any CPU.ActiveCfg = Debug|Any CPU
		{153C235E-4D13-4252-A124-B99BE229AA95}.Debug|Any CPU.Build.0 = Debug|Any CPU
		{153C235E-4D13-4252-A124-B99BE229AA95}.Release|Any CPU.ActiveCfg = Release|Any CPU
		{153C235E-4D13-4252-A124-B99BE229AA95}.Release|Any CPU.Build.0 = Release|Any CPU
		{B6721800-FA3C-469A-A1CB-7FCDF2C298B4}.Debug|Any CPU.ActiveCfg = Debug|Any CPU
		{B6721800-FA3C-469A-A1CB-7FCDF2C298B4}.Debug|Any CPU.Build.0 = Debug|Any CPU
		{B6721800-FA3C-469A-A1CB-7FCDF2C298B4}.Release|Any CPU.ActiveCfg = Release|Any CPU
		{B6721800-FA3C-469A-A1CB-7FCDF2C298B4}.Release|Any CPU.Build.0 = Release|Any CPU
		{0A162F11-0FDD-4AD3-B1EC-7BF111B1079D}.Debug|Any CPU.ActiveCfg = Debug|Any CPU
		{0A162F11-0FDD-4AD3-B1EC-7BF111B1079D}.Debug|Any CPU.Build.0 = Debug|Any CPU
		{0A162F11-0FDD-4AD3-B1EC-7BF111B1079D}.Release|Any CPU.ActiveCfg = Release|Any CPU
		{0A162F11-0FDD-4AD3-B1EC-7BF111B1079D}.Release|Any CPU.Build.0 = Release|Any CPU
		{56AD2B65-3E4B-4FC4-8454-21A1B9AAE1EF}.Debug|Any CPU.ActiveCfg = Debug|Any CPU
		{56AD2B65-3E4B-4FC4-8454-21A1B9AAE1EF}.Debug|Any CPU.Build.0 = Debug|Any CPU
		{56AD2B65-3E4B-4FC4-8454-21A1B9AAE1EF}.Release|Any CPU.ActiveCfg = Release|Any CPU
		{56AD2B65-3E4B-4FC4-8454-21A1B9AAE1EF}.Release|Any CPU.Build.0 = Release|Any CPU
		{6E6D983D-4F1F-49C3-9894-D99F594475A6}.Debug|Any CPU.ActiveCfg = Debug|Any CPU
		{6E6D983D-4F1F-49C3-9894-D99F594475A6}.Debug|Any CPU.Build.0 = Debug|Any CPU
		{6E6D983D-4F1F-49C3-9894-D99F594475A6}.Release|Any CPU.ActiveCfg = Release|Any CPU
		{6E6D983D-4F1F-49C3-9894-D99F594475A6}.Release|Any CPU.Build.0 = Release|Any CPU
		{98BB5DF1-82CA-43F5-89DE-6018722518DE}.Debug|Any CPU.ActiveCfg = Debug|Any CPU
		{98BB5DF1-82CA-43F5-89DE-6018722518DE}.Debug|Any CPU.Build.0 = Debug|Any CPU
		{98BB5DF1-82CA-43F5-89DE-6018722518DE}.Release|Any CPU.ActiveCfg = Release|Any CPU
		{98BB5DF1-82CA-43F5-89DE-6018722518DE}.Release|Any CPU.Build.0 = Release|Any CPU
		{F7E49A82-D997-4C98-9D42-545432C740DA}.Debug|Any CPU.ActiveCfg = Debug|Any CPU
		{F7E49A82-D997-4C98-9D42-545432C740DA}.Debug|Any CPU.Build.0 = Debug|Any CPU
		{F7E49A82-D997-4C98-9D42-545432C740DA}.Release|Any CPU.ActiveCfg = Release|Any CPU
		{F7E49A82-D997-4C98-9D42-545432C740DA}.Release|Any CPU.Build.0 = Release|Any CPU
		{3E070060-D56F-4AB7-A450-D82D125EDB59}.Debug|Any CPU.ActiveCfg = Debug|Any CPU
		{3E070060-D56F-4AB7-A450-D82D125EDB59}.Debug|Any CPU.Build.0 = Debug|Any CPU
		{3E070060-D56F-4AB7-A450-D82D125EDB59}.Release|Any CPU.ActiveCfg = Release|Any CPU
		{3E070060-D56F-4AB7-A450-D82D125EDB59}.Release|Any CPU.Build.0 = Release|Any CPU
		{85A15FE5-44F5-4440-9A83-A465764BE062}.Debug|Any CPU.ActiveCfg = Debug|Any CPU
		{85A15FE5-44F5-4440-9A83-A465764BE062}.Debug|Any CPU.Build.0 = Debug|Any CPU
		{85A15FE5-44F5-4440-9A83-A465764BE062}.Release|Any CPU.ActiveCfg = Release|Any CPU
		{85A15FE5-44F5-4440-9A83-A465764BE062}.Release|Any CPU.Build.0 = Release|Any CPU
		{C2CD1FF3-2D1A-4B9D-B0AA-B5EF4CDCD222}.Debug|Any CPU.ActiveCfg = Debug|Any CPU
		{C2CD1FF3-2D1A-4B9D-B0AA-B5EF4CDCD222}.Debug|Any CPU.Build.0 = Debug|Any CPU
		{C2CD1FF3-2D1A-4B9D-B0AA-B5EF4CDCD222}.Release|Any CPU.ActiveCfg = Release|Any CPU
		{C2CD1FF3-2D1A-4B9D-B0AA-B5EF4CDCD222}.Release|Any CPU.Build.0 = Release|Any CPU
		{A2763989-C15B-4099-B99A-641A9AEEA369}.Debug|Any CPU.ActiveCfg = Debug|Any CPU
		{A2763989-C15B-4099-B99A-641A9AEEA369}.Debug|Any CPU.Build.0 = Debug|Any CPU
		{A2763989-C15B-4099-B99A-641A9AEEA369}.Release|Any CPU.ActiveCfg = Release|Any CPU
		{A2763989-C15B-4099-B99A-641A9AEEA369}.Release|Any CPU.Build.0 = Release|Any CPU
		{D81F8F14-EBFD-4E66-BE64-17FFD94695BD}.Debug|Any CPU.ActiveCfg = Debug|Any CPU
		{D81F8F14-EBFD-4E66-BE64-17FFD94695BD}.Debug|Any CPU.Build.0 = Debug|Any CPU
		{D81F8F14-EBFD-4E66-BE64-17FFD94695BD}.Release|Any CPU.ActiveCfg = Release|Any CPU
		{D81F8F14-EBFD-4E66-BE64-17FFD94695BD}.Release|Any CPU.Build.0 = Release|Any CPU
		{73CCABED-8A38-4975-B3EF-0D8DFCA9DE6F}.Debug|Any CPU.ActiveCfg = Debug|Any CPU
		{73CCABED-8A38-4975-B3EF-0D8DFCA9DE6F}.Debug|Any CPU.Build.0 = Debug|Any CPU
		{73CCABED-8A38-4975-B3EF-0D8DFCA9DE6F}.Release|Any CPU.ActiveCfg = Release|Any CPU
		{73CCABED-8A38-4975-B3EF-0D8DFCA9DE6F}.Release|Any CPU.Build.0 = Release|Any CPU
		{E5E1CFCB-2130-4C4F-9FEE-77428A4CD5DF}.Debug|Any CPU.ActiveCfg = Debug|Any CPU
		{E5E1CFCB-2130-4C4F-9FEE-77428A4CD5DF}.Debug|Any CPU.Build.0 = Debug|Any CPU
		{E5E1CFCB-2130-4C4F-9FEE-77428A4CD5DF}.Release|Any CPU.ActiveCfg = Release|Any CPU
		{E5E1CFCB-2130-4C4F-9FEE-77428A4CD5DF}.Release|Any CPU.Build.0 = Release|Any CPU
		{B99C67FB-A580-41B2-9C3F-CC334F42D09A}.Debug|Any CPU.ActiveCfg = Debug|Any CPU
		{B99C67FB-A580-41B2-9C3F-CC334F42D09A}.Debug|Any CPU.Build.0 = Debug|Any CPU
		{B99C67FB-A580-41B2-9C3F-CC334F42D09A}.Release|Any CPU.ActiveCfg = Release|Any CPU
		{B99C67FB-A580-41B2-9C3F-CC334F42D09A}.Release|Any CPU.Build.0 = Release|Any CPU
	EndGlobalSection
	GlobalSection(SolutionProperties) = preSolution
		HideSolutionNode = FALSE
	EndGlobalSection
	GlobalSection(NestedProjects) = preSolution
		{B95998CF-71E7-4A42-B981-E5301881C9D1} = {359AA140-6705-4E09-B24E-00C4D3670EF8}
		{1419F956-33FE-425D-A2A4-1BFA1CE004BA} = {359AA140-6705-4E09-B24E-00C4D3670EF8}
		{9438C3AF-1D35-4E8B-92FB-505C280A7A10} = {359AA140-6705-4E09-B24E-00C4D3670EF8}
		{1B28FF87-7614-4F9A-A2C6-7F7A76EAA706} = {359AA140-6705-4E09-B24E-00C4D3670EF8}
		{153C235E-4D13-4252-A124-B99BE229AA95} = {359AA140-6705-4E09-B24E-00C4D3670EF8}
		{B6721800-FA3C-469A-A1CB-7FCDF2C298B4} = {08600C94-1448-4E99-9A96-BC1F9CB3BACD}
		{0A162F11-0FDD-4AD3-B1EC-7BF111B1079D} = {08600C94-1448-4E99-9A96-BC1F9CB3BACD}
		{56AD2B65-3E4B-4FC4-8454-21A1B9AAE1EF} = {08600C94-1448-4E99-9A96-BC1F9CB3BACD}
		{6E6D983D-4F1F-49C3-9894-D99F594475A6} = {08600C94-1448-4E99-9A96-BC1F9CB3BACD}
		{98BB5DF1-82CA-43F5-89DE-6018722518DE} = {08600C94-1448-4E99-9A96-BC1F9CB3BACD}
		{F7E49A82-D997-4C98-9D42-545432C740DA} = {7DD37D18-69EB-4E5F-9A27-D60B7E35B2B4}
		{3E070060-D56F-4AB7-A450-D82D125EDB59} = {7DD37D18-69EB-4E5F-9A27-D60B7E35B2B4}
		{85A15FE5-44F5-4440-9A83-A465764BE062} = {7DD37D18-69EB-4E5F-9A27-D60B7E35B2B4}
		{C2CD1FF3-2D1A-4B9D-B0AA-B5EF4CDCD222} = {7DD37D18-69EB-4E5F-9A27-D60B7E35B2B4}
		{A2763989-C15B-4099-B99A-641A9AEEA369} = {2F715097-253D-46B0-95D7-A2AD6088F070}
		{D81F8F14-EBFD-4E66-BE64-17FFD94695BD} = {2F715097-253D-46B0-95D7-A2AD6088F070}
		{73CCABED-8A38-4975-B3EF-0D8DFCA9DE6F} = {2F715097-253D-46B0-95D7-A2AD6088F070}
		{E5E1CFCB-2130-4C4F-9FEE-77428A4CD5DF} = {2F715097-253D-46B0-95D7-A2AD6088F070}
		{B99C67FB-A580-41B2-9C3F-CC334F42D09A} = {24093936-F26A-4F4D-9DC0-277C29E0447A}
	EndGlobalSection
	GlobalSection(ExtensibilityGlobals) = postSolution
		SolutionGuid = {2D226905-08CE-4BFD-B1AA-914E5EF22D8F}
	EndGlobalSection
EndGlobal
